{
  "nodes": {
    "helm-charts": {
      "inputs": {
        "nixpkgs": [
          "nixpkgs"
        ]
      },
      "locked": {
        "lastModified": 1786718656,
        "narHash": "sha256-E92Dsc8RwPvrQzXIozeX3LULtVBu0tUTSmn7MvL7teQ=",
        "path": "/home/xgoffin/Code/helm-charts",
        "type": "path"
      },
      "original": {
        "path": "/home/xgoffin/Code/helm-charts",
        "type": "path"
      }
    },
    "home-manager": {
      "inputs": {
        "nixpkgs": [
          "nixpkgs"
        ]
      },
      "locked": {
        "lastModified": 1783740085,
        "narHash": "sha256-qajyHfZY29G2oEQk+uHxmsJcRoBUBXP9maTpFlwP/dI=",
        "owner": "nix-community",
        "repo": "home-manager",
        "rev": "3cd22efe6471dc7365c822bd9ad73a21e55f38fb",
        "type": "github"
      },
      "original": {
        "owner": "nix-community",
        "ref": "release-26.05",
        "repo": "home-manager",
        "type": "github"
      }
    },
    "man-tools": {
      "inputs": {
        "nixpkgs": [
          "nixpkgs"
        ]
      },
      "locked": {
        "lastModified": 1786719621,
        "narHash": "sha256-OqHNvMGAp9v/SlBbP4Za4jXMVKuH1aUHAor4xCimu+U=",
        "path": "/home/xgoffin/Code/man",
        "type": "path"
      },
      "original": {
        "path": "/home/xgoffin/Code/man",
        "type": "path"
      }
    },
    "nixos-hardware": {
      "inputs": {
        "nixpkgs": [
          "nixpkgs"
        ]
      },
      "locked": {
        "lastModified": 1784723954,
        "narHash": "sha256-1CfD8ZUjCkTgjsneLZ/lxCHhgDfqxxE7/GX0MmsgiqA=",
        "owner": "NixOS",
        "repo": "nixos-hardware",
        "rev": "a017f5b72210026af5b3ac5949f08d94380a6fbd",
        "type": "github"
      },
      "original": {
        "owner": "NixOS",
        "repo": "nixos-hardware",
        "type": "github"
      }
    },
    "nixpkgs": {
      "locked": {
        "lastModified": 1789885152,
        "narHash": "sha256-mDNo95riUw8k0MA2Btzj/OuiMcfLKofqIliLYsLbrSY=",
        "owner": "NixOS",
        "repo": "nixpkgs",
        "rev": "6d663c0533ff269008fb84e45930151e37c99db9",
        "type": "github"
      },
      "original": {
        "owner": "NixOS",
        "ref": "nixos-26.05",
        "repo": "nixpkgs",
        "type": "github"
      }
    },
    "nixpkgs-unstable": {
      "locked": {
        "lastModified": 1790185690,
        "narHash": "sha256-xJ+X4hBtOcAFGBOe5nAMyMUeF9foJBmIOu3NjBqBycU=",
        "owner": "NixOS",
        "repo": "nixpkgs",
        "rev": "4975466d324710c576dc11ad614684e6bd8cad8e",
        "type": "github"
      },
      "original": {
        "owner": "NixOS",
        "ref": "nixos-unstable",
        "repo": "nixpkgs",
        "type": "github"
      }
    },
    "nixpkgs_2": {
      "locked": {
        "lastModified": 1787437750,
        "narHash": "sha256-8qnR53JToWl9xm6MWgbmmOzh4rsQiQCwH4KukHytNkk=",
        "owner": "nixos",
        "repo": "nixpkgs",
        "rev": "e990d4ae42fb93cf7919c654225117ddc6bef1b4",
        "type": "github"
      },
      "original": {
        "owner": "nixos",
        "repo": "nixpkgs",
        "type": "github"
      }
    },
    "root": {
      "inputs": {
        "helm-charts": "helm-charts",
        "home-manager": "home-manager",
        "man-tools": "man-tools",
        "nixos-hardware": "nixos-hardware",
        "nixpkgs": "nixpkgs",
        "nixpkgs-unstable": "nixpkgs-unstable",
        "tbuild": "tbuild",
        "tcurl": "tcurl",
        "thrift-ls": "thrift-ls",
        "uds": "uds"
      }
    },
    "tbuild": {
      "inputs": {
        "nixpkgs": [
          "nixpkgs"
        ]
      },
      "locked": {
        "lastModified": 1788794912,
        "narHash": "sha256-1jtNDaFku4D4M4vFogsrhGQeO3wfH3Ni8jE1ULPPoME=",
        "path": "/home/xgoffin/Code/tbuild",
        "type": "path"
      },
      "original": {
        "path": "/home/xgoffin/Code/tbuild",
        "type": "path"
      }
    },
    "tcurl": {
      "inputs": {
        "nixpkgs": [
          "nixpkgs"
        ]
      },
      "locked": {
        "lastModified": 1791551260,
        "narHash": "sha256-Py7zQTDFj7xK1BOu+9bx94x66NDpLO221luyaa0myK8=",
        "path": "/home/xgoffin/Code/tcurl",
        "type": "path"
      },
      "original": {
        "path": "/home/xgoffin/Code/tcurl",
        "type": "path"
      }
    },
    "thrift-ls": {
      "inputs": {
        "nixpkgs": "nixpkgs_2"
      },
      "locked": {
        "lastModified": 1787826054,
        "narHash": "sha256-CFD4sR7QnDjxkD/WUbAansEi9v8+kY3zXC393E6LB8o=",
        "owner": "karitham",
        "repo": "thrift-ls",
        "rev": "d1deebebdd9f7d8bc489a44c9f8ab8d6b3b233bc",
        "type": "github"
      },
      "original": {
        "owner": "karitham",
        "repo": "thrift-ls",
        "type": "github"
      }
    },
    "uds": {
      "inputs": {
        "nixpkgs": [
          "nixpkgs"
        ]
      },
      "locked": {
        "lastModified": 1790260636,
        "narHash": "sha256-m5YfpcLYwusWxBn0pgVx6VHgOjJLR3VcSeXmWCVuuSo=",
        "path": "/home/xgoffin/Code/uds",
        "type": "path"
      },
      "original": {
        "path": "/home/xgoffin/Code/uds",
        "type": "path"
      }
    }
  },
  "root": "root",
  "version": 7
}
